
Microsoft Visual Studio Solution File, Format Version 12.00
# Visual Studio Version 16
VisualStudioVersion = 16.0.29020.237
MinimumVisualStudioVersion = 10.0.40219.1
Project("{2150E333-8FDC-42A3-9474-1A3956D46DE8}") = "Bank Mockup", "Bank Mockup", "{EF7A0857-8B0A-486C-A9D3-645C8E70F83E}"
EndProject
Project("{2150E333-8FDC-42A3-9474-1A3956D46DE8}") = "01 - Core", "01 - Core", "{798FCDF2-3D53-4B15-834E-BFE58ED40CCD}"
EndProject
Project("{2150E333-8FDC-42A3-9474-1A3956D46DE8}") = "02 - Infrastructure", "02 - Infrastructure", "{9FC89532-4185-4243-B5ED-BE9E5C684E19}"
EndProject
Project("{2150E333-8FDC-42A3-9474-1A3956D46DE8}") = "03 - Service", "03 - Service", "{BAF776B6-5497-4D88-A321-D661C4AF98D3}"
EndProject
Project("{2150E333-8FDC-42A3-9474-1A3956D46DE8}") = "04 - WebApi", "04 - WebApi", "{42BB5C05-EA18-43D9-AC7F-5BEA47C92244}"
EndProject
Project("{9A19103F-16F7-4668-BE54-9A1E7A4F7556}") = "Bank.WebApi", "Bank.WebApi\Bank.WebApi.csproj", "{1D408A96-CC2B-4C3F-BC87-3A65C2A182FA}"
EndProject
Project("{9A19103F-16F7-4668-BE54-9A1E7A4F7556}") = "Bank.Service", "Bank.Service\Bank.Service.csproj", "{F5D8A831-8184-4969-AB0A-AD78ED63A36A}"
EndProject
Project("{2150E333-8FDC-42A3-9474-1A3956D46DE8}") = "Merchant Portal", "Merchant Portal", "{6D8FE777-19FC-4E9F-87CC-69BD6557439C}"
EndProject
Project("{9A19103F-16F7-4668-BE54-9A1E7A4F7556}") = "Merchant.Domain", "Merchant.Domain\Merchant.Domain.csproj", "{FC5F3CFB-2D87-4BE9-B0C2-B573E057843F}"
EndProject
Project("{2150E333-8FDC-42A3-9474-1A3956D46DE8}") = "Payment Gateway Api", "Payment Gateway Api", "{7CEB4DE2-B8F8-4F1D-8910-7A67158DA076}"
EndProject
Project("{FAE04EC0-301F-11D3-BF4B-00C04F79EFBC}") = "Bank.Domain", "Bank.Domain\Bank.Domain.csproj", "{BB144945-31FB-43BB-A69D-FAA42F18A9E5}"
EndProject
Project("{FAE04EC0-301F-11D3-BF4B-00C04F79EFBC}") = "Bank.Infrastructure", "Bank.Infrastructure\Bank.Infrastructure.csproj", "{CB895DBC-1E13-45BC-A268-C85F2E43897D}"
EndProject
Project("{FAE04EC0-301F-11D3-BF4B-00C04F79EFBC}") = "Bank.Interface", "Bank.Interface\Bank.Interface.csproj", "{5401F590-CECF-4E77-ACCE-79E9B1F63987}"
EndProject
Project("{2150E333-8FDC-42A3-9474-1A3956D46DE8}") = "01 - Core", "01 - Core", "{1BFE2922-66FC-4A4E-8B5C-522AC282083C}"
EndProject
Project("{FAE04EC0-301F-11D3-BF4B-00C04F79EFBC}") = "Payment.Domain", "Payment.Domain\Payment.Domain.csproj", "{F244D386-F636-4E47-992B-C8EC11BD9076}"
EndProject
Project("{FAE04EC0-301F-11D3-BF4B-00C04F79EFBC}") = "Payment.Common", "Payment.Common\Payment.Common.csproj", "{140D4EAD-FC37-492D-A1E7-B015C95D5D1F}"
EndProject
Project("{FAE04EC0-301F-11D3-BF4B-00C04F79EFBC}") = "Payment.Interface", "Payment.Interface\Payment.Interface.csproj", "{069BBA25-D701-4FD5-9486-6F71A15DBABD}"
EndProject
Project("{2150E333-8FDC-42A3-9474-1A3956D46DE8}") = "02 - Infrastructure", "02 - Infrastructure", "{2ADF2DFA-1DB2-4B4E-AD95-E3B68B0B4680}"
EndProject
Project("{2150E333-8FDC-42A3-9474-1A3956D46DE8}") = "03 - Service", "03 - Service", "{590651EE-48C6-4C1F-958F-30A13FEA5461}"
EndProject
Project("{2150E333-8FDC-42A3-9474-1A3956D46DE8}") = "04 - Security", "04 - Security", "{B56F743D-C350-456F-A898-F028A4449F5B}"
EndProject
Project("{2150E333-8FDC-42A3-9474-1A3956D46DE8}") = "05 - Web Api", "05 - Web Api", "{7278C7C5-FD31-4AA4-B157-EB5F4A61484F}"
EndProject
Project("{2150E333-8FDC-42A3-9474-1A3956D46DE8}") = "06 - Tests", "06 - Tests", "{8C63B3B2-3840-493D-B70E-71058F05BC3D}"
EndProject
Project("{FAE04EC0-301F-11D3-BF4B-00C04F79EFBC}") = "Payment.Infrastructure", "Payment.Infrastructure\Payment.Infrastructure.csproj", "{51A4CEB2-A40B-4D93-A27C-C364C069C2A4}"
EndProject
Project("{FAE04EC0-301F-11D3-BF4B-00C04F79EFBC}") = "Payment.Service", "Payment.Service\Payment.Service.csproj", "{C9A6349F-E7BB-4729-A311-47BC700C2324}"
EndProject
Project("{FAE04EC0-301F-11D3-BF4B-00C04F79EFBC}") = "Payment.Security", "Payment.Security\Payment.Security.csproj", "{E52D1DE4-C0DE-47B7-B9CC-D527C0AE0584}"
EndProject
Project("{FAE04EC0-301F-11D3-BF4B-00C04F79EFBC}") = "Payment.WebApi", "Payment.WebApi\Payment.WebApi.csproj", "{3CC1F41A-41D2-42DA-B1DD-6518C98B1E61}"
EndProject
Project("{FAE04EC0-301F-11D3-BF4B-00C04F79EFBC}") = "Payment.Test", "Payment.Test\Payment.Test.csproj", "{D57E690E-7591-44E1-8183-30914ACE3FAC}"
EndProject
Global
	GlobalSection(SolutionConfigurationPlatforms) = preSolution
		Debug|Any CPU = Debug|Any CPU
		Release|Any CPU = Release|Any CPU
	EndGlobalSection
	GlobalSection(ProjectConfigurationPlatforms) = postSolution
		{1D408A96-CC2B-4C3F-BC87-3A65C2A182FA}.Debug|Any CPU.ActiveCfg = Debug|Any CPU
		{1D408A96-CC2B-4C3F-BC87-3A65C2A182FA}.Debug|Any CPU.Build.0 = Debug|Any CPU
		{1D408A96-CC2B-4C3F-BC87-3A65C2A182FA}.Release|Any CPU.ActiveCfg = Release|Any CPU
		{1D408A96-CC2B-4C3F-BC87-3A65C2A182FA}.Release|Any CPU.Build.0 = Release|Any CPU
		{F5D8A831-8184-4969-AB0A-AD78ED63A36A}.Debug|Any CPU.ActiveCfg = Debug|Any CPU
		{F5D8A831-8184-4969-AB0A-AD78ED63A36A}.Debug|Any CPU.Build.0 = Debug|Any CPU
		{F5D8A831-8184-4969-AB0A-AD78ED63A36A}.Release|Any CPU.ActiveCfg = Release|Any CPU
		{F5D8A831-8184-4969-AB0A-AD78ED63A36A}.Release|Any CPU.Build.0 = Release|Any CPU
		{FC5F3CFB-2D87-4BE9-B0C2-B573E057843F}.Debug|Any CPU.ActiveCfg = Debug|Any CPU
		{FC5F3CFB-2D87-4BE9-B0C2-B573E057843F}.Debug|Any CPU.Build.0 = Debug|Any CPU
		{FC5F3CFB-2D87-4BE9-B0C2-B573E057843F}.Release|Any CPU.ActiveCfg = Release|Any CPU
		{FC5F3CFB-2D87-4BE9-B0C2-B573E057843F}.Release|Any CPU.Build.0 = Release|Any CPU
		{BB144945-31FB-43BB-A69D-FAA42F18A9E5}.Debug|Any CPU.ActiveCfg = Debug|Any CPU
		{BB144945-31FB-43BB-A69D-FAA42F18A9E5}.Debug|Any CPU.Build.0 = Debug|Any CPU
		{BB144945-31FB-43BB-A69D-FAA42F18A9E5}.Release|Any CPU.ActiveCfg = Release|Any CPU
		{BB144945-31FB-43BB-A69D-FAA42F18A9E5}.Release|Any CPU.Build.0 = Release|Any CPU
		{CB895DBC-1E13-45BC-A268-C85F2E43897D}.Debug|Any CPU.ActiveCfg = Debug|Any CPU
		{CB895DBC-1E13-45BC-A268-C85F2E43897D}.Debug|Any CPU.Build.0 = Debug|Any CPU
		{CB895DBC-1E13-45BC-A268-C85F2E43897D}.Release|Any CPU.ActiveCfg = Release|Any CPU
		{CB895DBC-1E13-45BC-A268-C85F2E43897D}.Release|Any CPU.Build.0 = Release|Any CPU
		{5401F590-CECF-4E77-ACCE-79E9B1F63987}.Debug|Any CPU.ActiveCfg = Debug|Any CPU
		{5401F590-CECF-4E77-ACCE-79E9B1F63987}.Debug|Any CPU.Build.0 = Debug|Any CPU
		{5401F590-CECF-4E77-ACCE-79E9B1F63987}.Release|Any CPU.ActiveCfg = Release|Any CPU
		{5401F590-CECF-4E77-ACCE-79E9B1F63987}.Release|Any CPU.Build.0 = Release|Any CPU
		{F244D386-F636-4E47-992B-C8EC11BD9076}.Debug|Any CPU.ActiveCfg = Debug|Any CPU
		{F244D386-F636-4E47-992B-C8EC11BD9076}.Debug|Any CPU.Build.0 = Debug|Any CPU
		{F244D386-F636-4E47-992B-C8EC11BD9076}.Release|Any CPU.ActiveCfg = Release|Any CPU
		{F244D386-F636-4E47-992B-C8EC11BD9076}.Release|Any CPU.Build.0 = Release|Any CPU
		{140D4EAD-FC37-492D-A1E7-B015C95D5D1F}.Debug|Any CPU.ActiveCfg = Debug|Any CPU
		{140D4EAD-FC37-492D-A1E7-B015C95D5D1F}.Debug|Any CPU.Build.0 = Debug|Any CPU
		{140D4EAD-FC37-492D-A1E7-B015C95D5D1F}.Release|Any CPU.ActiveCfg = Release|Any CPU
		{140D4EAD-FC37-492D-A1E7-B015C95D5D1F}.Release|Any CPU.Build.0 = Release|Any CPU
		{069BBA25-D701-4FD5-9486-6F71A15DBABD}.Debug|Any CPU.ActiveCfg = Debug|Any CPU
		{069BBA25-D701-4FD5-9486-6F71A15DBABD}.Debug|Any CPU.Build.0 = Debug|Any CPU
		{069BBA25-D701-4FD5-9486-6F71A15DBABD}.Release|Any CPU.ActiveCfg = Release|Any CPU
		{069BBA25-D701-4FD5-9486-6F71A15DBABD}.Release|Any CPU.Build.0 = Release|Any CPU
		{51A4CEB2-A40B-4D93-A27C-C364C069C2A4}.Debug|Any CPU.ActiveCfg = Debug|Any CPU
		{51A4CEB2-A40B-4D93-A27C-C364C069C2A4}.Debug|Any CPU.Build.0 = Debug|Any CPU
		{51A4CEB2-A40B-4D93-A27C-C364C069C2A4}.Release|Any CPU.ActiveCfg = Release|Any CPU
		{51A4CEB2-A40B-4D93-A27C-C364C069C2A4}.Release|Any CPU.Build.0 = Release|Any CPU
		{C9A6349F-E7BB-4729-A311-47BC700C2324}.Debug|Any CPU.ActiveCfg = Debug|Any CPU
		{C9A6349F-E7BB-4729-A311-47BC700C2324}.Debug|Any CPU.Build.0 = Debug|Any CPU
		{C9A6349F-E7BB-4729-A311-47BC700C2324}.Release|Any CPU.ActiveCfg = Release|Any CPU
		{C9A6349F-E7BB-4729-A311-47BC700C2324}.Release|Any CPU.Build.0 = Release|Any CPU
		{E52D1DE4-C0DE-47B7-B9CC-D527C0AE0584}.Debug|Any CPU.ActiveCfg = Debug|Any CPU
		{E52D1DE4-C0DE-47B7-B9CC-D527C0AE0584}.Debug|Any CPU.Build.0 = Debug|Any CPU
		{E52D1DE4-C0DE-47B7-B9CC-D527C0AE0584}.Release|Any CPU.ActiveCfg = Release|Any CPU
		{E52D1DE4-C0DE-47B7-B9CC-D527C0AE0584}.Release|Any CPU.Build.0 = Release|Any CPU
		{3CC1F41A-41D2-42DA-B1DD-6518C98B1E61}.Debug|Any CPU.ActiveCfg = Debug|Any CPU
		{3CC1F41A-41D2-42DA-B1DD-6518C98B1E61}.Debug|Any CPU.Build.0 = Debug|Any CPU
		{3CC1F41A-41D2-42DA-B1DD-6518C98B1E61}.Release|Any CPU.ActiveCfg = Release|Any CPU
		{3CC1F41A-41D2-42DA-B1DD-6518C98B1E61}.Release|Any CPU.Build.0 = Release|Any CPU
		{D57E690E-7591-44E1-8183-30914ACE3FAC}.Debug|Any CPU.ActiveCfg = Debug|Any CPU
		{D57E690E-7591-44E1-8183-30914ACE3FAC}.Debug|Any CPU.Build.0 = Debug|Any CPU
		{D57E690E-7591-44E1-8183-30914ACE3FAC}.Release|Any CPU.ActiveCfg = Release|Any CPU
		{D57E690E-7591-44E1-8183-30914ACE3FAC}.Release|Any CPU.Build.0 = Release|Any CPU
	EndGlobalSection
	GlobalSection(SolutionProperties) = preSolution
		HideSolutionNode = FALSE
	EndGlobalSection
	GlobalSection(NestedProjects) = preSolution
		{798FCDF2-3D53-4B15-834E-BFE58ED40CCD} = {EF7A0857-8B0A-486C-A9D3-645C8E70F83E}
		{9FC89532-4185-4243-B5ED-BE9E5C684E19} = {EF7A0857-8B0A-486C-A9D3-645C8E70F83E}
		{BAF776B6-5497-4D88-A321-D661C4AF98D3} = {EF7A0857-8B0A-486C-A9D3-645C8E70F83E}
		{42BB5C05-EA18-43D9-AC7F-5BEA47C92244} = {EF7A0857-8B0A-486C-A9D3-645C8E70F83E}
		{1D408A96-CC2B-4C3F-BC87-3A65C2A182FA} = {42BB5C05-EA18-43D9-AC7F-5BEA47C92244}
		{F5D8A831-8184-4969-AB0A-AD78ED63A36A} = {BAF776B6-5497-4D88-A321-D661C4AF98D3}
		{FC5F3CFB-2D87-4BE9-B0C2-B573E057843F} = {6D8FE777-19FC-4E9F-87CC-69BD6557439C}
		{BB144945-31FB-43BB-A69D-FAA42F18A9E5} = {798FCDF2-3D53-4B15-834E-BFE58ED40CCD}
		{CB895DBC-1E13-45BC-A268-C85F2E43897D} = {9FC89532-4185-4243-B5ED-BE9E5C684E19}
		{5401F590-CECF-4E77-ACCE-79E9B1F63987} = {798FCDF2-3D53-4B15-834E-BFE58ED40CCD}
		{1BFE2922-66FC-4A4E-8B5C-522AC282083C} = {7CEB4DE2-B8F8-4F1D-8910-7A67158DA076}
		{F244D386-F636-4E47-992B-C8EC11BD9076} = {1BFE2922-66FC-4A4E-8B5C-522AC282083C}
		{140D4EAD-FC37-492D-A1E7-B015C95D5D1F} = {1BFE2922-66FC-4A4E-8B5C-522AC282083C}
		{069BBA25-D701-4FD5-9486-6F71A15DBABD} = {1BFE2922-66FC-4A4E-8B5C-522AC282083C}
		{2ADF2DFA-1DB2-4B4E-AD95-E3B68B0B4680} = {7CEB4DE2-B8F8-4F1D-8910-7A67158DA076}
		{590651EE-48C6-4C1F-958F-30A13FEA5461} = {7CEB4DE2-B8F8-4F1D-8910-7A67158DA076}
		{B56F743D-C350-456F-A898-F028A4449F5B} = {7CEB4DE2-B8F8-4F1D-8910-7A67158DA076}
		{7278C7C5-FD31-4AA4-B157-EB5F4A61484F} = {7CEB4DE2-B8F8-4F1D-8910-7A67158DA076}
		{8C63B3B2-3840-493D-B70E-71058F05BC3D} = {7CEB4DE2-B8F8-4F1D-8910-7A67158DA076}
		{51A4CEB2-A40B-4D93-A27C-C364C069C2A4} = {2ADF2DFA-1DB2-4B4E-AD95-E3B68B0B4680}
		{C9A6349F-E7BB-4729-A311-47BC700C2324} = {590651EE-48C6-4C1F-958F-30A13FEA5461}
		{E52D1DE4-C0DE-47B7-B9CC-D527C0AE0584} = {B56F743D-C350-456F-A898-F028A4449F5B}
		{3CC1F41A-41D2-42DA-B1DD-6518C98B1E61} = {7278C7C5-FD31-4AA4-B157-EB5F4A61484F}
		{D57E690E-7591-44E1-8183-30914ACE3FAC} = {8C63B3B2-3840-493D-B70E-71058F05BC3D}
	EndGlobalSection
	GlobalSection(ExtensibilityGlobals) = postSolution
		SolutionGuid = {C2E11C6D-E2CB-42F1-BD07-9D358629B667}
	EndGlobalSection
EndGlobal
